<?xml version="1.0" encoding="UTF-8"?>
<Project xmlns="http://schemas.microsoft.com/developer/msbuild/2003" ToolsVersion="4.0">
    <ItemGroup>
        <Filter Include="header">
            <UniqueIdentifier>{0A732EEF-78D4-4B88-A164-486187D9D2EA}</UniqueIdentifier>
            <Extensions>h;hpp</Extensions>
        </Filter>
        <Filter Include="resource">
            <UniqueIdentifier>{EE4C62F9-5186-40C6-A766-3703AB11D398}</UniqueIdentifier>
            <Extensions>hlsl;jpg;jpeg;png;wav;mp3;ico;dds;rc;obj</Extensions>
        </Filter>
        <Filter Include="source">
            <UniqueIdentifier>{C47B292E-A148-4DE9-B244-FF0B081F420A}</UniqueIdentifier>
            <Extensions>cpp;c</Extensions>
        </Filter>
    </ItemGroup>
    <ItemGroup>
        <ClCompile Include="..\..\..\src\TvZ\main.cpp">
            <Filter>source</Filter>
        </ClCompile>
        <ClCompile Include="..\..\..\src\TvZ\Plant.cpp">
            <Filter>source</Filter>
        </ClCompile>
        <ClCompile Include="..\..\..\src\TvZ\Projectile.cpp">
            <Filter>source</Filter>
        </ClCompile>
        <ClCompile Include="..\..\..\src\TvZ\PvZScene.cpp">
            <Filter>source</Filter>
        </ClCompile>
        <ClCompile Include="..\..\..\src\TvZ\Zombie.cpp">
            <Filter>source</Filter>
        </ClCompile>
        <ClInclude Include="..\..\..\src\TvZ\Plant.h">
            <Filter>header</Filter>
        </ClInclude>
        <ClInclude Include="..\..\..\src\TvZ\Projectile.h">
            <Filter>header</Filter>
        </ClInclude>
        <ClInclude Include="..\..\..\src\TvZ\PvZScene.h">
            <Filter>header</Filter>
        </ClInclude>
        <ClInclude Include="..\..\..\src\TvZ\StateMachine.h">
            <Filter>header</Filter>
        </ClInclude>
        <ClInclude Include="..\..\..\src\TvZ\Zombie.h">
            <Filter>header</Filter>
        </ClInclude>
    </ItemGroup>
</Project>
