<?xml version="1.0" encoding="UTF-8"?>
<Project xmlns="http://schemas.microsoft.com/developer/msbuild/2003" ToolsVersion="4.0">
    <ItemGroup>
        <Filter Include="header">
            <UniqueIdentifier>{7212A6E7-77C1-4701-8B82-0BCB5963224E}</UniqueIdentifier>
            <Extensions>h;hpp</Extensions>
        </Filter>
        <Filter Include="resource">
            <UniqueIdentifier>{06ADD54E-632B-41F3-B617-E43338638023}</UniqueIdentifier>
            <Extensions>hlsl;jpg;jpeg;png;wav;mp3;ico;dds;rc;obj</Extensions>
        </Filter>
        <Filter Include="source">
            <UniqueIdentifier>{C44C93E0-4BF6-4467-B5E2-D70398D4F42E}</UniqueIdentifier>
            <Extensions>cpp;c</Extensions>
        </Filter>
    </ItemGroup>
    <ItemGroup>
        <ClCompile Include="..\..\..\src\CestLesCopains\CLC_Ball.cpp">
            <Filter>source</Filter>
        </ClCompile>
        <ClCompile Include="..\..\..\src\CestLesCopains\CLC_Players.cpp">
            <Filter>source</Filter>
        </ClCompile>
        <ClCompile Include="..\..\..\src\CestLesCopains\CLC_Scene.cpp">
            <Filter>source</Filter>
        </ClCompile>
        <ClCompile Include="..\..\..\src\CestLesCopains\main.cpp">
            <Filter>source</Filter>
        </ClCompile>
        <ClInclude Include="..\..\..\src\CestLesCopains\CLC_Ball.h">
            <Filter>header</Filter>
        </ClInclude>
        <ClInclude Include="..\..\..\src\CestLesCopains\CLC_Players.h">
            <Filter>header</Filter>
        </ClInclude>
        <ClInclude Include="..\..\..\src\CestLesCopains\CLC_Scene.h">
            <Filter>header</Filter>
        </ClInclude>
        <ClInclude Include="..\..\..\src\CestLesCopains\main.h">
            <Filter>header</Filter>
        </ClInclude>
        <ClInclude Include="..\..\..\src\CestLesCopains\resource.h">
            <Filter>header</Filter>
        </ClInclude>
        <ClInclude Include="..\..\..\src\CestLesCopains\StateMachine.h">
            <Filter>header</Filter>
        </ClInclude>
        <None Include="..\..\..\src\CestLesCopains\app.ico">
            <Filter>resource</Filter>
        </None>
        <None Include="..\..\..\src\CestLesCopains\app.rc">
            <Filter>resource</Filter>
        </None>
        <None Include="..\..\..\src\CestLesCopains\small.ico">
            <Filter>resource</Filter>
        </None>
    </ItemGroup>
</Project>
